
Microsoft Visual Studio Solution File, Format Version 12.00
# Visual Studio Version 17
VisualStudioVersion = 17.14.36518.9 d17.14
MinimumVisualStudioVersion = 10.0.40219.1
Project("{FAE04EC0-301F-11D3-BF4B-00C04F79EFBC}") = "DXBase", "DXBase.csproj", "{116ABC72-58B4-4CEF-8A47-5C56F0BE9972}"
EndProject
Global
	GlobalSection(SolutionConfigurationPlatforms) = preSolution
		Debug|Any CPU = Debug|Any CPU
		Release|Any CPU = Release|Any CPU
	EndGlobalSection
	GlobalSection(ProjectConfigurationPlatforms) = postSolution
		{116ABC72-58B4-4CEF-8A47-5C56F0BE9972}.Debug|Any CPU.ActiveCfg = Debug|Any CPU
		{116ABC72-58B4-4CEF-8A47-5C56F0BE9972}.Debug|Any CPU.Build.0 = Debug|Any CPU
		{116ABC72-58B4-4CEF-8A47-5C56F0BE9972}.Release|Any CPU.ActiveCfg = Release|Any CPU
		{116ABC72-58B4-4CEF-8A47-5C56F0BE9972}.Release|Any CPU.Build.0 = Release|Any CPU
	EndGlobalSection
	GlobalSection(SolutionProperties) = preSolution
		HideSolutionNode = FALSE
	EndGlobalSection
	GlobalSection(ExtensibilityGlobals) = postSolution
		SolutionGuid = {A5C74132-B85D-4686-848D-355576C115F2}
	EndGlobalSection
EndGlobal
